
Microsoft Visual Studio Solution File, Format Version 12.00
# Visual Studio 15
VisualStudioVersion = 15.0.27703.2042
MinimumVisualStudioVersion = 10.0.40219.1
Project("{888888A0-9F3D-457C-B088-3A5042F75D52}") = "HMS", "HMS\HMS.pyproj", "{570E584B-7146-46F7-8725-58583B49226E}"
EndProject
Global
	GlobalSection(SolutionConfigurationPlatforms) = preSolution
		Debug|Any CPU = Debug|Any CPU
		Release|Any CPU = Release|Any CPU
	EndGlobalSection
	GlobalSection(ProjectConfigurationPlatforms) = postSolution
		{570E584B-7146-46F7-8725-58583B49226E}.Debug|Any CPU.ActiveCfg = Debug|Any CPU
		{570E584B-7146-46F7-8725-58583B49226E}.Debug|Any CPU.Build.0 = Debug|Any CPU
		{570E584B-7146-46F7-8725-58583B49226E}.Release|Any CPU.ActiveCfg = Release|Any CPU
		{570E584B-7146-46F7-8725-58583B49226E}.Release|Any CPU.Build.0 = Release|Any CPU
	EndGlobalSection
	GlobalSection(SolutionProperties) = preSolution
		HideSolutionNode = FALSE
	EndGlobalSection
	GlobalSection(ExtensibilityGlobals) = postSolution
		SolutionGuid = {F05F9CE7-EF44-46DD-B419-74CD639C1B1D}
	EndGlobalSection
EndGlobal
